
Microsoft Visual Studio Solution File, Format Version 12.00
# Visual Studio Version 17
VisualStudioVersion = 17.9.34616.47
MinimumVisualStudioVersion = 10.0.40219.1
Project("{FAE04EC0-301F-11D3-BF4B-00C04F79EFBC}") = "GenericServer", "GenericServer.csproj", "{20856771-B7B8-41A8-987F-F52507613E0C}"
EndProject
Global
	GlobalSection(SolutionConfigurationPlatforms) = preSolution
		Debug|Any CPU = Debug|Any CPU
		Release|Any CPU = Release|Any CPU
	EndGlobalSection
	GlobalSection(ProjectConfigurationPlatforms) = postSolution
		{20856771-B7B8-41A8-987F-F52507613E0C}.Debug|Any CPU.ActiveCfg = Debug|Any CPU
		{20856771-B7B8-41A8-987F-F52507613E0C}.Debug|Any CPU.Build.0 = Debug|Any CPU
		{20856771-B7B8-41A8-987F-F52507613E0C}.Release|Any CPU.ActiveCfg = Release|Any CPU
		{20856771-B7B8-41A8-987F-F52507613E0C}.Release|Any CPU.Build.0 = Release|Any CPU
	EndGlobalSection
	GlobalSection(SolutionProperties) = preSolution
		HideSolutionNode = FALSE
	EndGlobalSection
	GlobalSection(ExtensibilityGlobals) = postSolution
		SolutionGuid = {E45B58CA-0FAA-4D3B-9073-95C60EA7A97C}
	EndGlobalSection
EndGlobal
